
Microsoft Visual Studio Solution File, Format Version 12.00
# Visual Studio Version 17
VisualStudioVersion = 17.3.32929.385
MinimumVisualStudioVersion = 10.0.40219.1
Project("{FAE04EC0-301F-11D3-BF4B-00C04F79EFBC}") = "project-owners-net", "project-owners-net\project-owners-net.csproj", "{C07DB698-FBA0-4D03-9ACE-2AFAF5F698A8}"
EndProject
Global
	GlobalSection(SolutionConfigurationPlatforms) = preSolution
		Debug|Any CPU = Debug|Any CPU
		Release|Any CPU = Release|Any CPU
	EndGlobalSection
	GlobalSection(ProjectConfigurationPlatforms) = postSolution
		{C07DB698-FBA0-4D03-9ACE-2AFAF5F698A8}.Debug|Any CPU.ActiveCfg = Debug|Any CPU
		{C07DB698-FBA0-4D03-9ACE-2AFAF5F698A8}.Debug|Any CPU.Build.0 = Debug|Any CPU
		{C07DB698-FBA0-4D03-9ACE-2AFAF5F698A8}.Release|Any CPU.ActiveCfg = Release|Any CPU
		{C07DB698-FBA0-4D03-9ACE-2AFAF5F698A8}.Release|Any CPU.Build.0 = Release|Any CPU
	EndGlobalSection
	GlobalSection(SolutionProperties) = preSolution
		HideSolutionNode = FALSE
	EndGlobalSection
	GlobalSection(ExtensibilityGlobals) = postSolution
		SolutionGuid = {5B5EE1A6-6410-4FF3-BDE3-8CD98B12C7DF}
	EndGlobalSection
EndGlobal
